<Solution>
  <Folder Name="/Assignment - 1/">
    <Project Path="CSharpAdvancedConcepts/CSharpAdvancedConcepts.csproj" Id="6f171fac-af93-4801-b720-19a665cc3522" />
    <Project Path="CSharpModernSyntax/CSharpModernSyntax.csproj" Id="567af09a-5ef6-427b-bfbd-15989eebd028" />
    <Project Path="CSharpTypeConcepts/CSharpTypeConcepts.csproj" Id="5d356f18-5164-4e50-8aab-7aeecc924796" />
    <Project Path="SchoolManagementApp/SchoolManagementApp.csproj" />
  </Folder>
  <Folder Name="/Assignment - 2/">
    <Project Path="CSharpDelegatesAndEvents/CSharpDelegatesAndEvents.csproj" Id="86003066-5629-4f8b-aa68-9c0412dc8b19" />
    <Project Path="CSharpMiniProjects/CSharpMiniProjects.csproj" Id="45dcfd65-479f-47c5-bb2b-23db28ef0cf7" />
    <Project Path="CSharp_GenericCol_LINQ/CSharp_GenericCol_LINQ.csproj" Id="066ddcc1-8660-4dbc-a60f-fbe447c11707" />
    <Project Path="OOPs/OOPs.csproj" Id="f603b637-f4a5-4246-a28c-618c859c59d7" />
    <Project Path="OOPsConcept2/OOPsConcept2.csproj" Id="1a5a110d-bf59-44e3-831a-5c0f2aea8b21" />
  </Folder>
  <Folder Name="/Assignment - 3/">
    <Project Path="A3_AdvancedDesignPatterns/A3_AdvancedDesignPatterns.csproj" Id="a8e6ae65-ad25-409c-966a-d486d6229519" />
    <Project Path="A3_CoreConceptsAndSorting/A3_CoreConceptsAndSorting.csproj" Id="ab988050-1983-4b6a-9dcb-ff23431046e9" />
    <Project Path="A3_DesignPatterns/A3_DesignPatterns.csproj" Id="dbf90624-1bfc-4eb5-88f5-43d4f67c669e" />
    <Project Path="A3_ExceptionsDisposalAsync/A3_ExceptionsDisposalAsync.csproj" Id="da358d5f-efe7-4c35-8881-79134f077aea" />
    <Project Path="A3_TPLReflectionAttributes/A3_TPLReflectionAttributes.csproj" Id="4a183e1f-cc54-4eff-8d99-e4845354e026" />
  </Folder>
  <Folder Name="/Assignment - 4/">
    <Project Path="A4_ModelViewController/A4_ModelViewController.csproj" Id="706fc66c-d735-4896-b140-db1913b13a54" />
  </Folder>
  <Folder Name="/Assignment - 6/">
    <Project Path="A6_FileHandlingFundamentals/A6_FileHandlingFundamentals.csproj" Id="475c204d-ef2c-4522-be5b-9477aa196d96" />
  </Folder>
</Solution>
